
Microsoft Visual Studio Solution File, Format Version 12.00
# Visual Studio 2012
Project("{FAE04EC0-301F-11D3-BF4B-00C04F79EFBC}") = "ASPNETWebApp", "ASPNETWebApp\ASPNETWebApp.csproj", "{9ED16817-4CF9-4B28-94DA-3A563F957C9F}"
EndProject
Project("{FAE04EC0-301F-11D3-BF4B-00C04F79EFBC}") = "ASPNETMVC3ASPXWebApp", "ASPNETMVC3ASPXWebApp\ASPNETMVC3ASPXWebApp.csproj", "{C3CA880B-51EA-4FC4-A224-2EBFC7052E52}"
EndProject
Project("{FAE04EC0-301F-11D3-BF4B-00C04F79EFBC}") = "ASPNETMVC3ASPXWebApp.Tests", "ASPNETMVC3ASPXWebApp.Tests\ASPNETMVC3ASPXWebApp.Tests.csproj", "{9A92979E-8733-4C6C-8BDB-D830FDE35740}"
EndProject
Project("{FAE04EC0-301F-11D3-BF4B-00C04F79EFBC}") = "ASPNETMVC3RazorWebApp", "ASPNETMVC3RazorWebApp\ASPNETMVC3RazorWebApp.csproj", "{9E2611CD-0E34-4229-98B8-4971C79DB387}"
EndProject
Project("{FAE04EC0-301F-11D3-BF4B-00C04F79EFBC}") = "ASPNETMVC3RazorWebApp.Tests", "ASPNETMVC3RazorWebApp.Tests\ASPNETMVC3RazorWebApp.Tests.csproj", "{F63BDAE1-B1BE-4145-BF85-231EE864E4A9}"
EndProject
Project("{FAE04EC0-301F-11D3-BF4B-00C04F79EFBC}") = "ASPNETMVC4ASPXWebApp", "ASPNETMVC4ASPXWebApp\ASPNETMVC4ASPXWebApp.csproj", "{05BE3D87-A151-4154-8AED-6EA40FBCFE31}"
EndProject
Project("{FAE04EC0-301F-11D3-BF4B-00C04F79EFBC}") = "ASPNETMVC4ASPXWebApp.Tests", "ASPNETMVC4ASPXWebApp.Tests\ASPNETMVC4ASPXWebApp.Tests.csproj", "{EF8A9146-6A1A-4A7F-8AF1-DFA02AFEB4D5}"
EndProject
Project("{FAE04EC0-301F-11D3-BF4B-00C04F79EFBC}") = "ASPNETMVC4WebAPIWebApp", "ASPNETMVC4WebAPIWebApp\ASPNETMVC4WebAPIWebApp.csproj", "{69A57010-A151-4AFD-9E6B-0DA55E43BAA3}"
EndProject
Project("{FAE04EC0-301F-11D3-BF4B-00C04F79EFBC}") = "ASPNETMVC4WebAPIWebApp.Tests", "ASPNETMVC4WebAPIWebApp.Tests\ASPNETMVC4WebAPIWebApp.Tests.csproj", "{5D764DF6-BF53-4C0F-9AD7-AA2785239420}"
EndProject
Project("{FAE04EC0-301F-11D3-BF4B-00C04F79EFBC}") = "ASPNETMVC4RazorWebApp", "ASPNETMVC4RazorWebApp\ASPNETMVC4RazorWebApp.csproj", "{5DA88487-F03B-4CB8-9C17-79AE8A8D63C7}"
EndProject
Project("{FAE04EC0-301F-11D3-BF4B-00C04F79EFBC}") = "ASPNETMVC4RazorWebApp.Tests", "ASPNETMVC4RazorWebApp.Tests\ASPNETMVC4RazorWebApp.Tests.csproj", "{A5F2F152-201A-409C-8886-BE30B14B0349}"
EndProject
Global
	GlobalSection(SolutionConfigurationPlatforms) = preSolution
		Debug|Any CPU = Debug|Any CPU
		Release|Any CPU = Release|Any CPU
	EndGlobalSection
	GlobalSection(ProjectConfigurationPlatforms) = postSolution
		{9ED16817-4CF9-4B28-94DA-3A563F957C9F}.Debug|Any CPU.ActiveCfg = Debug|Any CPU
		{9ED16817-4CF9-4B28-94DA-3A563F957C9F}.Debug|Any CPU.Build.0 = Debug|Any CPU
		{9ED16817-4CF9-4B28-94DA-3A563F957C9F}.Release|Any CPU.ActiveCfg = Release|Any CPU
		{9ED16817-4CF9-4B28-94DA-3A563F957C9F}.Release|Any CPU.Build.0 = Release|Any CPU
		{C3CA880B-51EA-4FC4-A224-2EBFC7052E52}.Debug|Any CPU.ActiveCfg = Debug|Any CPU
		{C3CA880B-51EA-4FC4-A224-2EBFC7052E52}.Debug|Any CPU.Build.0 = Debug|Any CPU
		{C3CA880B-51EA-4FC4-A224-2EBFC7052E52}.Release|Any CPU.ActiveCfg = Release|Any CPU
		{C3CA880B-51EA-4FC4-A224-2EBFC7052E52}.Release|Any CPU.Build.0 = Release|Any CPU
		{9A92979E-8733-4C6C-8BDB-D830FDE35740}.Debug|Any CPU.ActiveCfg = Debug|Any CPU
		{9A92979E-8733-4C6C-8BDB-D830FDE35740}.Debug|Any CPU.Build.0 = Debug|Any CPU
		{9A92979E-8733-4C6C-8BDB-D830FDE35740}.Release|Any CPU.ActiveCfg = Release|Any CPU
		{9A92979E-8733-4C6C-8BDB-D830FDE35740}.Release|Any CPU.Build.0 = Release|Any CPU
		{9E2611CD-0E34-4229-98B8-4971C79DB387}.Debug|Any CPU.ActiveCfg = Debug|Any CPU
		{9E2611CD-0E34-4229-98B8-4971C79DB387}.Debug|Any CPU.Build.0 = Debug|Any CPU
		{9E2611CD-0E34-4229-98B8-4971C79DB387}.Release|Any CPU.ActiveCfg = Release|Any CPU
		{9E2611CD-0E34-4229-98B8-4971C79DB387}.Release|Any CPU.Build.0 = Release|Any CPU
		{F63BDAE1-B1BE-4145-BF85-231EE864E4A9}.Debug|Any CPU.ActiveCfg = Debug|Any CPU
		{F63BDAE1-B1BE-4145-BF85-231EE864E4A9}.Debug|Any CPU.Build.0 = Debug|Any CPU
		{F63BDAE1-B1BE-4145-BF85-231EE864E4A9}.Release|Any CPU.ActiveCfg = Release|Any CPU
		{F63BDAE1-B1BE-4145-BF85-231EE864E4A9}.Release|Any CPU.Build.0 = Release|Any CPU
		{05BE3D87-A151-4154-8AED-6EA40FBCFE31}.Debug|Any CPU.ActiveCfg = Debug|Any CPU
		{05BE3D87-A151-4154-8AED-6EA40FBCFE31}.Debug|Any CPU.Build.0 = Debug|Any CPU
		{05BE3D87-A151-4154-8AED-6EA40FBCFE31}.Release|Any CPU.ActiveCfg = Release|Any CPU
		{05BE3D87-A151-4154-8AED-6EA40FBCFE31}.Release|Any CPU.Build.0 = Release|Any CPU
		{EF8A9146-6A1A-4A7F-8AF1-DFA02AFEB4D5}.Debug|Any CPU.ActiveCfg = Debug|Any CPU
		{EF8A9146-6A1A-4A7F-8AF1-DFA02AFEB4D5}.Debug|Any CPU.Build.0 = Debug|Any CPU
		{EF8A9146-6A1A-4A7F-8AF1-DFA02AFEB4D5}.Release|Any CPU.ActiveCfg = Release|Any CPU
		{EF8A9146-6A1A-4A7F-8AF1-DFA02AFEB4D5}.Release|Any CPU.Build.0 = Release|Any CPU
		{69A57010-A151-4AFD-9E6B-0DA55E43BAA3}.Debug|Any CPU.ActiveCfg = Debug|Any CPU
		{69A57010-A151-4AFD-9E6B-0DA55E43BAA3}.Debug|Any CPU.Build.0 = Debug|Any CPU
		{69A57010-A151-4AFD-9E6B-0DA55E43BAA3}.Release|Any CPU.ActiveCfg = Release|Any CPU
		{69A57010-A151-4AFD-9E6B-0DA55E43BAA3}.Release|Any CPU.Build.0 = Release|Any CPU
		{5D764DF6-BF53-4C0F-9AD7-AA2785239420}.Debug|Any CPU.ActiveCfg = Debug|Any CPU
		{5D764DF6-BF53-4C0F-9AD7-AA2785239420}.Debug|Any CPU.Build.0 = Debug|Any CPU
		{5D764DF6-BF53-4C0F-9AD7-AA2785239420}.Release|Any CPU.ActiveCfg = Release|Any CPU
		{5D764DF6-BF53-4C0F-9AD7-AA2785239420}.Release|Any CPU.Build.0 = Release|Any CPU
		{5DA88487-F03B-4CB8-9C17-79AE8A8D63C7}.Debug|Any CPU.ActiveCfg = Debug|Any CPU
		{5DA88487-F03B-4CB8-9C17-79AE8A8D63C7}.Debug|Any CPU.Build.0 = Debug|Any CPU
		{5DA88487-F03B-4CB8-9C17-79AE8A8D63C7}.Release|Any CPU.ActiveCfg = Release|Any CPU
		{5DA88487-F03B-4CB8-9C17-79AE8A8D63C7}.Release|Any CPU.Build.0 = Release|Any CPU
		{A5F2F152-201A-409C-8886-BE30B14B0349}.Debug|Any CPU.ActiveCfg = Debug|Any CPU
		{A5F2F152-201A-409C-8886-BE30B14B0349}.Debug|Any CPU.Build.0 = Debug|Any CPU
		{A5F2F152-201A-409C-8886-BE30B14B0349}.Release|Any CPU.ActiveCfg = Release|Any CPU
		{A5F2F152-201A-409C-8886-BE30B14B0349}.Release|Any CPU.Build.0 = Release|Any CPU
	EndGlobalSection
	GlobalSection(SolutionProperties) = preSolution
		HideSolutionNode = FALSE
	EndGlobalSection
EndGlobal
